Microsoft Visual Studio Solution File, Format Version 11.00
# Visual Studio 2008

Project("{94212D93-9FD8-92A8-5068-3F5440AFE300}") = "Torii", "Assembly-CSharp-vs.csproj", "{681E2356-9889-E414-ABB4-9876CEB6C78C}"
EndProject
Global
	GlobalSection(SolutionConfigurationPlatforms) = preSolution
		Debug|Any CPU = Debug|Any CPU
		Release|Any CPU = Release|Any CPU
	EndGlobalSection
	GlobalSection(ProjectConfigurationPlatforms) = postSolution
		{681E2356-9889-E414-ABB4-9876CEB6C78C}.Debug|Any CPU.ActiveCfg = Debug|Any CPU
		{681E2356-9889-E414-ABB4-9876CEB6C78C}.Debug|Any CPU.Build.0 = Debug|Any CPU
		{681E2356-9889-E414-ABB4-9876CEB6C78C}.Release|Any CPU.ActiveCfg = Release|Any CPU
		{681E2356-9889-E414-ABB4-9876CEB6C78C}.Release|Any CPU.Build.0 = Release|Any CPU
	EndGlobalSection
	GlobalSection(SolutionProperties) = preSolution
		HideSolutionNode = FALSE
	EndGlobalSection
																																	GlobalSection(MonoDevelopProperties) = preSolution
		StartupItem = Assembly-CSharp.csproj
		Policies = $0
		$0.TextStylePolicy = $1
		$1.inheritsSet = null
		$1.scope = text/x-csharp
		$0.CSharpFormattingPolicy = $2
		$2.inheritsSet = Mono
		$2.inheritsScope = text/x-csharp
		$2.scope = text/x-csharp
		$0.TextStylePolicy = $3
		$3.FileWidth = 120
		$3.TabWidth = 4
		$3.EolMarker = Unix
		$3.inheritsSet = Mono
		$3.inheritsScope = text/plain
		$3.scope = text/plain
	EndGlobalSection

EndGlobal
